
Microsoft Visual Studio Solution File, Format Version 12.00
# Visual Studio Version 17
VisualStudioVersion = 17.7.34221.43
MinimumVisualStudioVersion = 10.0.40219.1
Project("{FAE04EC0-301F-11D3-BF4B-00C04F79EFBC}") = "lab10", "lab10\lab10.csproj", "{F412C7FA-4ACF-4C6E-953A-E0AA7032D6AC}"
EndProject
Global
	GlobalSection(SolutionConfigurationPlatforms) = preSolution
		Debug|Any CPU = Debug|Any CPU
		Release|Any CPU = Release|Any CPU
	EndGlobalSection
	GlobalSection(ProjectConfigurationPlatforms) = postSolution
		{F412C7FA-4ACF-4C6E-953A-E0AA7032D6AC}.Debug|Any CPU.ActiveCfg = Debug|Any CPU
		{F412C7FA-4ACF-4C6E-953A-E0AA7032D6AC}.Debug|Any CPU.Build.0 = Debug|Any CPU
		{F412C7FA-4ACF-4C6E-953A-E0AA7032D6AC}.Release|Any CPU.ActiveCfg = Release|Any CPU
		{F412C7FA-4ACF-4C6E-953A-E0AA7032D6AC}.Release|Any CPU.Build.0 = Release|Any CPU
	EndGlobalSection
	GlobalSection(SolutionProperties) = preSolution
		HideSolutionNode = FALSE
	EndGlobalSection
	GlobalSection(ExtensibilityGlobals) = postSolution
		SolutionGuid = {0D99DB0C-1D81-4B6F-B780-E826F4BBD1A4}
	EndGlobalSection
EndGlobal
